
Microsoft Visual Studio Solution File, Format Version 12.00
# Visual Studio Version 17
VisualStudioVersion = 17.14.36414.22 d17.14
MinimumVisualStudioVersion = 10.0.40219.1
Project("{FAE04EC0-301F-11D3-BF4B-00C04F79EFBC}") = "Practicadeexamen", "Practicadeexamen\Practicadeexamen.csproj", "{8F0CE71F-F766-4D45-957E-EB492573F32A}"
EndProject
Global
	GlobalSection(SolutionConfigurationPlatforms) = preSolution
		Debug|Any CPU = Debug|Any CPU
		Release|Any CPU = Release|Any CPU
	EndGlobalSection
	GlobalSection(ProjectConfigurationPlatforms) = postSolution
		{8F0CE71F-F766-4D45-957E-EB492573F32A}.Debug|Any CPU.ActiveCfg = Debug|Any CPU
		{8F0CE71F-F766-4D45-957E-EB492573F32A}.Debug|Any CPU.Build.0 = Debug|Any CPU
		{8F0CE71F-F766-4D45-957E-EB492573F32A}.Release|Any CPU.ActiveCfg = Release|Any CPU
		{8F0CE71F-F766-4D45-957E-EB492573F32A}.Release|Any CPU.Build.0 = Release|Any CPU
	EndGlobalSection
	GlobalSection(SolutionProperties) = preSolution
		HideSolutionNode = FALSE
	EndGlobalSection
	GlobalSection(ExtensibilityGlobals) = postSolution
		SolutionGuid = {7E5D425D-F515-4E04-89E8-C9DB7D0BE77B}
	EndGlobalSection
EndGlobal
